// !$*UTF8*$!
{
	archiveVersion = 1;
	classes = {
	};
	objectVersion = 46;
	objects = {

/* Begin PBXBuildFile section */
		CD466F0F172DB4BF00BAA1CF /* Cocoa.framework in Frameworks */ = {isa = PBXBuildFile; fileRef = CD466F0E172DB4BF00BAA1CF /* Cocoa.framework */; };
		CD466F19172DB4BF00BAA1CF /* InfoPlist.strings in Resources */ = {isa = PBXBuildFile; fileRef = CD466F17172DB4BF00BAA1CF /* InfoPlist.strings */; };
		CD466F1B172DB4BF00BAA1CF /* main.m in Sources */ = {isa = PBXBuildFile; fileRef = CD466F1A172DB4BF00BAA1CF /* main.m */; };
		CD466F1F172DB4BF00BAA1CF /* Credits.rtf in Resources */ = {isa = PBXBuildFile; fileRef = CD466F1D172DB4BF00BAA1CF /* Credits.rtf */; };
		CD466F22172DB4BF00BAA1CF /* MATHAppDelegate.m in Sources */ = {isa = PBXBuildFile; fileRef = CD466F21172DB4BF00BAA1CF /* MATHAppDelegate.m */; };
		CD466F25172DB4BF00BAA1CF /* MainMenu.xib in Resources */ = {isa = PBXBuildFile; fileRef = CD466F23172DB4BF00BAA1CF /* MainMenu.xib */; };
		CD466F2D172DB51800BAA1CF /* MATHPlotView.m in Sources */ = {isa = PBXBuildFile; fileRef = CD466F2C172DB51800BAA1CF /* MATHPlotView.m */; };
		CD466F34172DDF7E00BAA1CF /* GCMathParser.m in Sources */ = {isa = PBXBuildFile; fileRef = CD466F31172DDF7E00BAA1CF /* GCMathParser.m */; };
		CD466F35172DDF7E00BAA1CF /* ZExpParser.mm in Sources */ = {isa = PBXBuildFile; fileRef = CD466F33172DDF7E00BAA1CF /* ZExpParser.mm */; settings = {COMPILER_FLAGS = "-fno-objc-arc"; }; };
		CD466F391730ACFE00BAA1CF /* MATHTextView.m in Sources */ = {isa = PBXBuildFile; fileRef = CD466F381730ACFE00BAA1CF /* MATHTextView.m */; };
		CD466F431730B6AC00BAA1CF /* ParseKit.framework in Frameworks */ = {isa = PBXBuildFile; fileRef = CD466F401730B37F00BAA1CF /* ParseKit.framework */; };
		CD466FA61735932B00BAA1CF /* CocoaToolbox.framework in Frameworks */ = {isa = PBXBuildFile; fileRef = CD466FA31735931F00BAA1CF /* CocoaToolbox.framework */; };
		CD466FAB1735969400BAA1CF /* NSColor+MathColors.m in Sources */ = {isa = PBXBuildFile; fileRef = CD466FAA1735969400BAA1CF /* NSColor+MathColors.m */; };
		CDD212AB17424ECC00F43BBE /* MATHExpression.m in Sources */ = {isa = PBXBuildFile; fileRef = CDD212AA17424ECC00F43BBE /* MATHExpression.m */; };
/* End PBXBuildFile section */

/* Begin PBXContainerItemProxy section */
		CD466F3F1730B37F00BAA1CF /* PBXContainerItemProxy */ = {
			isa = PBXContainerItemProxy;
			containerPortal = CD466F3A1730B37E00BAA1CF /* ParseKit.xcodeproj */;
			proxyType = 2;
			remoteGlobalIDString = 8DC2EF5B0486A6940098B216;
			remoteInfo = ParseKit;
		};
		CD466F411730B37F00BAA1CF /* PBXContainerItemProxy */ = {
			isa = PBXContainerItemProxy;
			containerPortal = CD466F3A1730B37E00BAA1CF /* ParseKit.xcodeproj */;
			proxyType = 2;
			remoteGlobalIDString = D37D8DC61571A4F700CDB822;
			remoteInfo = Tests;
		};
		CD466FA21735931F00BAA1CF /* PBXContainerItemProxy */ = {
			isa = PBXContainerItemProxy;
			containerPortal = CD466F9E1735931F00BAA1CF /* CocoaToolbox.xcodeproj */;
			proxyType = 2;
			remoteGlobalIDString = CD466F7B1735904E00BAA1CF;
			remoteInfo = CocoaToolbox;
		};
/* End PBXContainerItemProxy section */

/* Begin PBXFileReference section */
		CD466F0B172DB4BF00BAA1CF /* Math.app */ = {isa = PBXFileReference; explicitFileType = wrapper.application; includeInIndex = 0; path = Math.app; sourceTree = BUILT_PRODUCTS_DIR; };
		CD466F0E172DB4BF00BAA1CF /* Cocoa.framework */ = {isa = PBXFileReference; lastKnownFileType = wrapper.framework; name = Cocoa.framework; path = System/Library/Frameworks/Cocoa.framework; sourceTree = SDKROOT; };
		CD466F11172DB4BF00BAA1CF /* AppKit.framework */ = {isa = PBXFileReference; lastKnownFileType = wrapper.framework; name = AppKit.framework; path = System/Library/Frameworks/AppKit.framework; sourceTree = SDKROOT; };
		CD466F12172DB4BF00BAA1CF /* CoreData.framework */ = {isa = PBXFileReference; lastKnownFileType = wrapper.framework; name = CoreData.framework; path = System/Library/Frameworks/CoreData.framework; sourceTree = SDKROOT; };
		CD466F13172DB4BF00BAA1CF /* Foundation.framework */ = {isa = PBXFileReference; lastKnownFileType = wrapper.framework; name = Foundation.framework; path = System/Library/Frameworks/Foundation.framework; sourceTree = SDKROOT; };
		CD466F16172DB4BF00BAA1CF /* Math-Info.plist */ = {isa = PBXFileReference; lastKnownFileType = text.plist.xml; path = "Math-Info.plist"; sourceTree = "<group>"; };
		CD466F18172DB4BF00BAA1CF /* en */ = {isa = PBXFileReference; lastKnownFileType = text.plist.strings; name = en; path = en.lproj/InfoPlist.strings; sourceTree = "<group>"; };
		CD466F1A172DB4BF00BAA1CF /* main.m */ = {isa = PBXFileReference; lastKnownFileType = sourcecode.c.objc; path = main.m; sourceTree = "<group>"; };
		CD466F1C172DB4BF00BAA1CF /* Math-Prefix.pch */ = {isa = PBXFileReference; lastKnownFileType = sourcecode.c.h; path = "Math-Prefix.pch"; sourceTree = "<group>"; };
		CD466F1E172DB4BF00BAA1CF /* en */ = {isa = PBXFileReference; lastKnownFileType = text.rtf; name = en; path = en.lproj/Credits.rtf; sourceTree = "<group>"; };
		CD466F20172DB4BF00BAA1CF /* MATHAppDelegate.h */ = {isa = PBXFileReference; lastKnownFileType = sourcecode.c.h; path = MATHAppDelegate.h; sourceTree = "<group>"; };
		CD466F21172DB4BF00BAA1CF /* MATHAppDelegate.m */ = {isa = PBXFileReference; lastKnownFileType = sourcecode.c.objc; path = MATHAppDelegate.m; sourceTree = "<group>"; };
		CD466F24172DB4BF00BAA1CF /* en */ = {isa = PBXFileReference; lastKnownFileType = file.xib; name = en; path = en.lproj/MainMenu.xib; sourceTree = "<group>"; };
		CD466F2B172DB51800BAA1CF /* MATHPlotView.h */ = {isa = PBXFileReference; fileEncoding = 4; lastKnownFileType = sourcecode.c.h; path = MATHPlotView.h; sourceTree = "<group>"; };
		CD466F2C172DB51800BAA1CF /* MATHPlotView.m */ = {isa = PBXFileReference; fileEncoding = 4; lastKnownFileType = sourcecode.c.objc; path = MATHPlotView.m; sourceTree = "<group>"; };
		CD466F30172DDF7E00BAA1CF /* GCMathParser.h */ = {isa = PBXFileReference; fileEncoding = 4; lastKnownFileType = sourcecode.c.h; path = GCMathParser.h; sourceTree = "<group>"; };
		CD466F31172DDF7E00BAA1CF /* GCMathParser.m */ = {isa = PBXFileReference; fileEncoding = 4; lastKnownFileType = sourcecode.c.objc; path = GCMathParser.m; sourceTree = "<group>"; };
		CD466F32172DDF7E00BAA1CF /* ZExpParser.h */ = {isa = PBXFileReference; fileEncoding = 4; lastKnownFileType = sourcecode.c.h; path = ZExpParser.h; sourceTree = "<group>"; };
		CD466F33172DDF7E00BAA1CF /* ZExpParser.mm */ = {isa = PBXFileReference; fileEncoding = 4; lastKnownFileType = sourcecode.cpp.objcpp; path = ZExpParser.mm; sourceTree = "<group>"; };
		CD466F371730ACFE00BAA1CF /* MATHTextView.h */ = {isa = PBXFileReference; fileEncoding = 4; lastKnownFileType = sourcecode.c.h; path = MATHTextView.h; sourceTree = "<group>"; };
		CD466F381730ACFE00BAA1CF /* MATHTextView.m */ = {isa = PBXFileReference; fileEncoding = 4; lastKnownFileType = sourcecode.c.objc; path = MATHTextView.m; sourceTree = "<group>"; };
		CD466F3A1730B37E00BAA1CF /* ParseKit.xcodeproj */ = {isa = PBXFileReference; lastKnownFileType = "wrapper.pb-project"; name = ParseKit.xcodeproj; path = parsekit/ParseKit.xcodeproj; sourceTree = "<group>"; };
		CD466F9E1735931F00BAA1CF /* CocoaToolbox.xcodeproj */ = {isa = PBXFileReference; lastKnownFileType = "wrapper.pb-project"; name = CocoaToolbox.xcodeproj; path = CocoaToolbox/CocoaToolbox.xcodeproj; sourceTree = "<group>"; };
		CD466FA91735969400BAA1CF /* NSColor+MathColors.h */ = {isa = PBXFileReference; fileEncoding = 4; lastKnownFileType = sourcecode.c.h; path = "NSColor+MathColors.h"; sourceTree = "<group>"; };
		CD466FAA1735969400BAA1CF /* NSColor+MathColors.m */ = {isa = PBXFileReference; fileEncoding = 4; lastKnownFileType = sourcecode.c.objc; path = "NSColor+MathColors.m"; sourceTree = "<group>"; };
		CDD212A917424ECC00F43BBE /* MATHExpression.h */ = {isa = PBXFileReference; fileEncoding = 4; lastKnownFileType = sourcecode.c.h; path = MATHExpression.h; sourceTree = "<group>"; };
		CDD212AA17424ECC00F43BBE /* MATHExpression.m */ = {isa = PBXFileReference; fileEncoding = 4; lastKnownFileType = sourcecode.c.objc; path = MATHExpression.m; sourceTree = "<group>"; };
/* End PBXFileReference section */

/* Begin PBXFrameworksBuildPhase section */
		CD466F08172DB4BF00BAA1CF /* Frameworks */ = {
			isa = PBXFrameworksBuildPhase;
			buildActionMask = 2147483647;
			files = (
				CD466FA61735932B00BAA1CF /* CocoaToolbox.framework in Frameworks */,
				CD466F431730B6AC00BAA1CF /* ParseKit.framework in Frameworks */,
				CD466F0F172DB4BF00BAA1CF /* Cocoa.framework in Frameworks */,
			);
			runOnlyForDeploymentPostprocessing = 0;
		};
/* End PBXFrameworksBuildPhase section */

/* Begin PBXGroup section */
		CD466F02172DB4BF00BAA1CF = {
			isa = PBXGroup;
			children = (
				CD466F14172DB4BF00BAA1CF /* Math */,
				CD466F0D172DB4BF00BAA1CF /* Frameworks */,
				CD466F0C172DB4BF00BAA1CF /* Products */,
			);
			sourceTree = "<group>";
			usesTabs = 1;
		};
		CD466F0C172DB4BF00BAA1CF /* Products */ = {
			isa = PBXGroup;
			children = (
				CD466F0B172DB4BF00BAA1CF /* Math.app */,
			);
			name = Products;
			sourceTree = "<group>";
		};
		CD466F0D172DB4BF00BAA1CF /* Frameworks */ = {
			isa = PBXGroup;
			children = (
				CD466F0E172DB4BF00BAA1CF /* Cocoa.framework */,
				CD466F10172DB4BF00BAA1CF /* Other Frameworks */,
			);
			name = Frameworks;
			sourceTree = "<group>";
		};
		CD466F10172DB4BF00BAA1CF /* Other Frameworks */ = {
			isa = PBXGroup;
			children = (
				CD466F11172DB4BF00BAA1CF /* AppKit.framework */,
				CD466F12172DB4BF00BAA1CF /* CoreData.framework */,
				CD466F13172DB4BF00BAA1CF /* Foundation.framework */,
			);
			name = "Other Frameworks";
			sourceTree = "<group>";
		};
		CD466F14172DB4BF00BAA1CF /* Math */ = {
			isa = PBXGroup;
			children = (
				CD466FA81735962C00BAA1CF /* Categories */,
				CD466F361730ACD900BAA1CF /* Views */,
				CDD212A517424E8400F43BBE /* Models */,
				CD466F2E172DDEC600BAA1CF /* Libraries */,
				CD466F20172DB4BF00BAA1CF /* MATHAppDelegate.h */,
				CD466F21172DB4BF00BAA1CF /* MATHAppDelegate.m */,
				CD466F23172DB4BF00BAA1CF /* MainMenu.xib */,
				CD466F15172DB4BF00BAA1CF /* Supporting Files */,
				CD466F2B172DB51800BAA1CF /* MATHPlotView.h */,
				CD466F2C172DB51800BAA1CF /* MATHPlotView.m */,
			);
			path = Math;
			sourceTree = "<group>";
		};
		CD466F15172DB4BF00BAA1CF /* Supporting Files */ = {
			isa = PBXGroup;
			children = (
				CD466F16172DB4BF00BAA1CF /* Math-Info.plist */,
				CD466F17172DB4BF00BAA1CF /* InfoPlist.strings */,
				CD466F1A172DB4BF00BAA1CF /* main.m */,
				CD466F1C172DB4BF00BAA1CF /* Math-Prefix.pch */,
				CD466F1D172DB4BF00BAA1CF /* Credits.rtf */,
			);
			name = "Supporting Files";
			sourceTree = "<group>";
		};
		CD466F2E172DDEC600BAA1CF /* Libraries */ = {
			isa = PBXGroup;
			children = (
				CD466F9E1735931F00BAA1CF /* CocoaToolbox.xcodeproj */,
				CD466F3A1730B37E00BAA1CF /* ParseKit.xcodeproj */,
				CD466F2F172DDF0300BAA1CF /* GCExpressionParser */,
			);
			path = Libraries;
			sourceTree = "<group>";
		};
		CD466F2F172DDF0300BAA1CF /* GCExpressionParser */ = {
			isa = PBXGroup;
			children = (
				CD466F30172DDF7E00BAA1CF /* GCMathParser.h */,
				CD466F31172DDF7E00BAA1CF /* GCMathParser.m */,
				CD466F32172DDF7E00BAA1CF /* ZExpParser.h */,
				CD466F33172DDF7E00BAA1CF /* ZExpParser.mm */,
			);
			path = GCExpressionParser;
			sourceTree = "<group>";
		};
		CD466F361730ACD900BAA1CF /* Views */ = {
			isa = PBXGroup;
			children = (
				CD466F371730ACFE00BAA1CF /* MATHTextView.h */,
				CD466F381730ACFE00BAA1CF /* MATHTextView.m */,
			);
			path = Views;
			sourceTree = "<group>";
		};
		CD466F3B1730B37E00BAA1CF /* Products */ = {
			isa = PBXGroup;
			children = (
				CD466F401730B37F00BAA1CF /* ParseKit.framework */,
				CD466F421730B37F00BAA1CF /* Tests.octest */,
			);
			name = Products;
			sourceTree = "<group>";
		};
		CD466F9F1735931F00BAA1CF /* Products */ = {
			isa = PBXGroup;
			children = (
				CD466FA31735931F00BAA1CF /* CocoaToolbox.framework */,
			);
			name = Products;
			sourceTree = "<group>";
		};
		CD466FA81735962C00BAA1CF /* Categories */ = {
			isa = PBXGroup;
			children = (
				CD466FA91735969400BAA1CF /* NSColor+MathColors.h */,
				CD466FAA1735969400BAA1CF /* NSColor+MathColors.m */,
			);
			path = Categories;
			sourceTree = "<group>";
		};
		CDD212A517424E8400F43BBE /* Models */ = {
			isa = PBXGroup;
			children = (
				CDD212A917424ECC00F43BBE /* MATHExpression.h */,
				CDD212AA17424ECC00F43BBE /* MATHExpression.m */,
			);
			path = Models;
			sourceTree = "<group>";
		};
/* End PBXGroup section */

/* Begin PBXNativeTarget section */
		CD466F0A172DB4BF00BAA1CF /* Math */ = {
			isa = PBXNativeTarget;
			buildConfigurationList = CD466F28172DB4BF00BAA1CF /* Build configuration list for PBXNativeTarget "Math" */;
			buildPhases = (
				CD466F07172DB4BF00BAA1CF /* Sources */,
				CD466F08172DB4BF00BAA1CF /* Frameworks */,
				CD466F09172DB4BF00BAA1CF /* Resources */,
			);
			buildRules = (
			);
			dependencies = (
			);
			name = Math;
			productName = Math;
			productReference = CD466F0B172DB4BF00BAA1CF /* Math.app */;
			productType = "com.apple.product-type.application";
		};
/* End PBXNativeTarget section */

/* Begin PBXProject section */
		CD466F03172DB4BF00BAA1CF /* Project object */ = {
			isa = PBXProject;
			attributes = {
				CLASSPREFIX = MATH;
				LastUpgradeCheck = 0460;
				ORGANIZATIONNAME = "Jason Brennan";
			};
			buildConfigurationList = CD466F06172DB4BF00BAA1CF /* Build configuration list for PBXProject "Math" */;
			compatibilityVersion = "Xcode 3.2";
			developmentRegion = English;
			hasScannedForEncodings = 0;
			knownRegions = (
				en,
			);
			mainGroup = CD466F02172DB4BF00BAA1CF;
			productRefGroup = CD466F0C172DB4BF00BAA1CF /* Products */;
			projectDirPath = "";
			projectReferences = (
				{
					ProductGroup = CD466F9F1735931F00BAA1CF /* Products */;
					ProjectRef = CD466F9E1735931F00BAA1CF /* CocoaToolbox.xcodeproj */;
				},
				{
					ProductGroup = CD466F3B1730B37E00BAA1CF /* Products */;
					ProjectRef = CD466F3A1730B37E00BAA1CF /* ParseKit.xcodeproj */;
				},
			);
			projectRoot = "";
			targets = (
				CD466F0A172DB4BF00BAA1CF /* Math */,
			);
		};
/* End PBXProject section */

/* Begin PBXReferenceProxy section */
		CD466F401730B37F00BAA1CF /* ParseKit.framework */ = {
			isa = PBXReferenceProxy;
			fileType = wrapper.framework;
			path = ParseKit.framework;
			remoteRef = CD466F3F1730B37F00BAA1CF /* PBXContainerItemProxy */;
			sourceTree = BUILT_PRODUCTS_DIR;
		};
		CD466F421730B37F00BAA1CF /* Tests.octest */ = {
			isa = PBXReferenceProxy;
			fileType = wrapper.cfbundle;
			path = Tests.octest;
			remoteRef = CD466F411730B37F00BAA1CF /* PBXContainerItemProxy */;
			sourceTree = BUILT_PRODUCTS_DIR;
		};
		CD466FA31735931F00BAA1CF /* CocoaToolbox.framework */ = {
			isa = PBXReferenceProxy;
			fileType = wrapper.framework;
			path = CocoaToolbox.framework;
			remoteRef = CD466FA21735931F00BAA1CF /* PBXContainerItemProxy */;
			sourceTree = BUILT_PRODUCTS_DIR;
		};
/* End PBXReferenceProxy section */

/* Begin PBXResourcesBuildPhase section */
		CD466F09172DB4BF00BAA1CF /* Resources */ = {
			isa = PBXResourcesBuildPhase;
			buildActionMask = 2147483647;
			files = (
				CD466F19172DB4BF00BAA1CF /* InfoPlist.strings in Resources */,
				CD466F1F172DB4BF00BAA1CF /* Credits.rtf in Resources */,
				CD466F25172DB4BF00BAA1CF /* MainMenu.xib in Resources */,
			);
			runOnlyForDeploymentPostprocessing = 0;
		};
/* End PBXResourcesBuildPhase section */

/* Begin PBXSourcesBuildPhase section */
		CD466F07172DB4BF00BAA1CF /* Sources */ = {
			isa = PBXSourcesBuildPhase;
			buildActionMask = 2147483647;
			files = (
				CD466F1B172DB4BF00BAA1CF /* main.m in Sources */,
				CD466F22172DB4BF00BAA1CF /* MATHAppDelegate.m in Sources */,
				CD466F2D172DB51800BAA1CF /* MATHPlotView.m in Sources */,
				CD466F34172DDF7E00BAA1CF /* GCMathParser.m in Sources */,
				CD466F35172DDF7E00BAA1CF /* ZExpParser.mm in Sources */,
				CD466F391730ACFE00BAA1CF /* MATHTextView.m in Sources */,
				CD466FAB1735969400BAA1CF /* NSColor+MathColors.m in Sources */,
				CDD212AB17424ECC00F43BBE /* MATHExpression.m in Sources */,
			);
			runOnlyForDeploymentPostprocessing = 0;
		};
/* End PBXSourcesBuildPhase section */

/* Begin PBXVariantGroup section */
		CD466F17172DB4BF00BAA1CF /* InfoPlist.strings */ = {
			isa = PBXVariantGroup;
			children = (
				CD466F18172DB4BF00BAA1CF /* en */,
			);
			name = InfoPlist.strings;
			sourceTree = "<group>";
		};
		CD466F1D172DB4BF00BAA1CF /* Credits.rtf */ = {
			isa = PBXVariantGroup;
			children = (
				CD466F1E172DB4BF00BAA1CF /* en */,
			);
			name = Credits.rtf;
			sourceTree = "<group>";
		};
		CD466F23172DB4BF00BAA1CF /* MainMenu.xib */ = {
			isa = PBXVariantGroup;
			children = (
				CD466F24172DB4BF00BAA1CF /* en */,
			);
			name = MainMenu.xib;
			sourceTree = "<group>";
		};
/* End PBXVariantGroup section */

/* Begin XCBuildConfiguration section */
		CD466F26172DB4BF00BAA1CF /* Debug */ = {
			isa = XCBuildConfiguration;
			buildSettings = {
				ALWAYS_SEARCH_USER_PATHS = NO;
				ARCHS = "$(ARCHS_STANDARD_64_BIT)";
				CLANG_CXX_LANGUAGE_STANDARD = "gnu++0x";
				CLANG_CXX_LIBRARY = "libc++";
				CLANG_ENABLE_OBJC_ARC = YES;
				CLANG_WARN_CONSTANT_CONVERSION = YES;
				CLANG_WARN_EMPTY_BODY = YES;
				CLANG_WARN_ENUM_CONVERSION = YES;
				CLANG_WARN_INT_CONVERSION = YES;
				CLANG_WARN__DUPLICATE_METHOD_MATCH = YES;
				COPY_PHASE_STRIP = NO;
				GCC_C_LANGUAGE_STANDARD = gnu99;
				GCC_DYNAMIC_NO_PIC = NO;
				GCC_ENABLE_OBJC_EXCEPTIONS = YES;
				GCC_OPTIMIZATION_LEVEL = 0;
				GCC_PREPROCESSOR_DEFINITIONS = (
					"DEBUG=1",
					"$(inherited)",
				);
				GCC_SYMBOLS_PRIVATE_EXTERN = NO;
				GCC_WARN_64_TO_32_BIT_CONVERSION = YES;
				GCC_WARN_ABOUT_RETURN_TYPE = YES;
				GCC_WARN_UNINITIALIZED_AUTOS = YES;
				GCC_WARN_UNUSED_VARIABLE = YES;
				MACOSX_DEPLOYMENT_TARGET = 10.8;
				ONLY_ACTIVE_ARCH = YES;
				SDKROOT = macosx;
			};
			name = Debug;
		};
		CD466F27172DB4BF00BAA1CF /* Release */ = {
			isa = XCBuildConfiguration;
			buildSettings = {
				ALWAYS_SEARCH_USER_PATHS = NO;
				ARCHS = "$(ARCHS_STANDARD_64_BIT)";
				CLANG_CXX_LANGUAGE_STANDARD = "gnu++0x";
				CLANG_CXX_LIBRARY = "libc++";
				CLANG_ENABLE_OBJC_ARC = YES;
				CLANG_WARN_CONSTANT_CONVERSION = YES;
				CLANG_WARN_EMPTY_BODY = YES;
				CLANG_WARN_ENUM_CONVERSION = YES;
				CLANG_WARN_INT_CONVERSION = YES;
				CLANG_WARN__DUPLICATE_METHOD_MATCH = YES;
				COPY_PHASE_STRIP = YES;
				DEBUG_INFORMATION_FORMAT = "dwarf-with-dsym";
				GCC_C_LANGUAGE_STANDARD = gnu99;
				GCC_ENABLE_OBJC_EXCEPTIONS = YES;
				GCC_WARN_64_TO_32_BIT_CONVERSION = YES;
				GCC_WARN_ABOUT_RETURN_TYPE = YES;
				GCC_WARN_UNINITIALIZED_AUTOS = YES;
				GCC_WARN_UNUSED_VARIABLE = YES;
				MACOSX_DEPLOYMENT_TARGET = 10.8;
				SDKROOT = macosx;
			};
			name = Release;
		};
		CD466F29172DB4BF00BAA1CF /* Debug */ = {
			isa = XCBuildConfiguration;
			buildSettings = {
				COMBINE_HIDPI_IMAGES = YES;
				GCC_PRECOMPILE_PREFIX_HEADER = YES;
				GCC_PREFIX_HEADER = "Math/Math-Prefix.pch";
				INFOPLIST_FILE = "Math/Math-Info.plist";
				PRODUCT_NAME = "$(TARGET_NAME)";
				WRAPPER_EXTENSION = app;
			};
			name = Debug;
		};
		CD466F2A172DB4BF00BAA1CF /* Release */ = {
			isa = XCBuildConfiguration;
			buildSettings = {
				COMBINE_HIDPI_IMAGES = YES;
				GCC_PRECOMPILE_PREFIX_HEADER = YES;
				GCC_PREFIX_HEADER = "Math/Math-Prefix.pch";
				INFOPLIST_FILE = "Math/Math-Info.plist";
				PRODUCT_NAME = "$(TARGET_NAME)";
				WRAPPER_EXTENSION = app;
			};
			name = Release;
		};
/* End XCBuildConfiguration section */

/* Begin XCConfigurationList section */
		CD466F06172DB4BF00BAA1CF /* Build configuration list for PBXProject "Math" */ = {
			isa = XCConfigurationList;
			buildConfigurations = (
				CD466F26172DB4BF00BAA1CF /* Debug */,
				CD466F27172DB4BF00BAA1CF /* Release */,
			);
			defaultConfigurationIsVisible = 0;
			defaultConfigurationName = Release;
		};
		CD466F28172DB4BF00BAA1CF /* Build configuration list for PBXNativeTarget "Math" */ = {
			isa = XCConfigurationList;
			buildConfigurations = (
				CD466F29172DB4BF00BAA1CF /* Debug */,
				CD466F2A172DB4BF00BAA1CF /* Release */,
			);
			defaultConfigurationIsVisible = 0;
			defaultConfigurationName = Release;
		};
/* End XCConfigurationList section */
	};
	rootObject = CD466F03172DB4BF00BAA1CF /* Project object */;
}
